// !$*UTF8*$!
{
	archiveVersion = 1;
	classes = {
	};
	objectVersion = 46;
	objects = {

/* Begin PBXAggregateTarget section */
		64FFC10400984481A30D5F8E /* ZERO_CHECK */ = {
			isa = PBXAggregateTarget;
			buildConfigurationList = B569E5CF28C64E8FA63D1047 /* Build configuration list for PBXAggregateTarget "ZERO_CHECK" */;
			buildPhases = (
				81F4F457C3414DDE83121249 /* CMake Rules */,
			);
			dependencies = (
			);
			name = ZERO_CHECK;
			productName = ZERO_CHECK;
		};
		7C25FB4404B9464ABC7CD39B /* ALL_BUILD */ = {
			isa = PBXAggregateTarget;
			buildConfigurationList = A7EA66EFF1074A519AB18697 /* Build configuration list for PBXAggregateTarget "ALL_BUILD" */;
			buildPhases = (
				D3B89427B71A4D6FB4C9EB57 /* CMake Rules */,
			);
			dependencies = (
				A7091582BD0D47E8BD52F51C /* PBXTargetDependency */,
				D20BC2C8A2C3404887E621B2 /* PBXTargetDependency */,
			);
			name = ALL_BUILD;
			productName = ALL_BUILD;
		};
/* End PBXAggregateTarget section */

/* Begin PBXBuildFile section */
		20267A631F7080E2005808B0 /* ship.cpp in Sources */ = {isa = PBXBuildFile; fileRef = 20267A611F7080E2005808B0 /* ship.cpp */; };
		4F080A9C33394FC0AA5246C2 /* main.cpp in Sources */ = {isa = PBXBuildFile; fileRef = F7BCB1A4823F48278E76B1E1 /* main.cpp */; };
/* End PBXBuildFile section */

/* Begin PBXContainerItemProxy section */
		0431CEB886B14D2E80EBAA32 /* PBXContainerItemProxy */ = {
			isa = PBXContainerItemProxy;
			containerPortal = 5366C707CF4344A9B38D2557 /* Project object */;
			proxyType = 1;
			remoteGlobalIDString = 64FFC10400984481A30D5F8E;
			remoteInfo = ZERO_CHECK;
		};
		2D1707F89D8E414A94899601 /* PBXContainerItemProxy */ = {
			isa = PBXContainerItemProxy;
			containerPortal = 5366C707CF4344A9B38D2557 /* Project object */;
			proxyType = 1;
			remoteGlobalIDString = 64FFC10400984481A30D5F8E;
			remoteInfo = ZERO_CHECK;
		};
		CB31C122C016444FB195243F /* PBXContainerItemProxy */ = {
			isa = PBXContainerItemProxy;
			containerPortal = 5366C707CF4344A9B38D2557 /* Project object */;
			proxyType = 1;
			remoteGlobalIDString = 95BDBFA65522422B8B1AA3B2;
			remoteInfo = asteroids;
		};
/* End PBXContainerItemProxy section */

/* Begin PBXFileReference section */
		11D25681EDF745089AE69EE8 /* CMakeLists.txt */ = {isa = PBXFileReference; explicitFileType = sourcecode.text; fileEncoding = 4; lastKnownFileType = text; path = CMakeLists.txt; sourceTree = SOURCE_ROOT; };
		1A1414A1AB89402BA755C1A7 /* CMakeLists.txt */ = {isa = PBXFileReference; explicitFileType = sourcecode.text; fileEncoding = 4; lastKnownFileType = text; path = CMakeLists.txt; sourceTree = SOURCE_ROOT; };
		20267A5F1F707E31005808B0 /* world.cpp */ = {isa = PBXFileReference; fileEncoding = 4; lastKnownFileType = sourcecode.cpp.cpp; path = world.cpp; sourceTree = "<group>"; };
		20267A601F707E31005808B0 /* world.hpp */ = {isa = PBXFileReference; fileEncoding = 4; lastKnownFileType = sourcecode.cpp.h; path = world.hpp; sourceTree = "<group>"; };
		20267A611F7080E2005808B0 /* ship.cpp */ = {isa = PBXFileReference; fileEncoding = 4; lastKnownFileType = sourcecode.cpp.cpp; path = ship.cpp; sourceTree = "<group>"; };
		20267A621F7080E2005808B0 /* ship.hpp */ = {isa = PBXFileReference; fileEncoding = 4; lastKnownFileType = sourcecode.cpp.h; path = ship.hpp; sourceTree = "<group>"; };
		8863C9F8E57849EDA5697E33 /* asteroids */ = {isa = PBXFileReference; explicitFileType = "compiled.mach-o.executable"; path = asteroids; sourceTree = BUILT_PRODUCTS_DIR; };
		AAAE24C29C5B4AE489884AE0 /* CMakeLists.txt */ = {isa = PBXFileReference; explicitFileType = sourcecode.text; fileEncoding = 4; lastKnownFileType = text; path = CMakeLists.txt; sourceTree = SOURCE_ROOT; };
		F7BCB1A4823F48278E76B1E1 /* main.cpp */ = {isa = PBXFileReference; explicitFileType = sourcecode.cpp.cpp; fileEncoding = 4; path = main.cpp; sourceTree = SOURCE_ROOT; };
/* End PBXFileReference section */

/* Begin PBXGroup section */
		252179B737B441CCB0F685D1 /* CMake Rules */ = {
			isa = PBXGroup;
			children = (
			);
			name = "CMake Rules";
			sourceTree = "<group>";
		};
		3152384A601B4769ACD41249 /* Products */ = {
			isa = PBXGroup;
			children = (
				8863C9F8E57849EDA5697E33 /* asteroids */,
			);
			name = Products;
			sourceTree = "<group>";
		};
		49263647007D444197EF1469 = {
			isa = PBXGroup;
			children = (
				E5B2D78BF6634843AAD46119 /* asteroids */,
				72935422AE0741289BBA062E /* ALL_BUILD */,
				5E6BDC851868470BBE8BCE28 /* ZERO_CHECK */,
				3152384A601B4769ACD41249 /* Products */,
			);
			sourceTree = "<group>";
		};
		5E6BDC851868470BBE8BCE28 /* ZERO_CHECK */ = {
			isa = PBXGroup;
			children = (
				C88E53E0D2904BD88DD03E17 /* CMake Rules */,
				AAAE24C29C5B4AE489884AE0 /* CMakeLists.txt */,
			);
			name = ZERO_CHECK;
			sourceTree = "<group>";
		};
		72935422AE0741289BBA062E /* ALL_BUILD */ = {
			isa = PBXGroup;
			children = (
				252179B737B441CCB0F685D1 /* CMake Rules */,
				11D25681EDF745089AE69EE8 /* CMakeLists.txt */,
			);
			name = ALL_BUILD;
			sourceTree = "<group>";
		};
		7A3B983068C148068D676E60 /* Source Files */ = {
			isa = PBXGroup;
			children = (
				20267A5F1F707E31005808B0 /* world.cpp */,
				20267A601F707E31005808B0 /* world.hpp */,
				F7BCB1A4823F48278E76B1E1 /* main.cpp */,
				20267A611F7080E2005808B0 /* ship.cpp */,
				20267A621F7080E2005808B0 /* ship.hpp */,
			);
			name = "Source Files";
			sourceTree = "<group>";
		};
		C88E53E0D2904BD88DD03E17 /* CMake Rules */ = {
			isa = PBXGroup;
			children = (
			);
			name = "CMake Rules";
			sourceTree = "<group>";
		};
		E5B2D78BF6634843AAD46119 /* asteroids */ = {
			isa = PBXGroup;
			children = (
				7A3B983068C148068D676E60 /* Source Files */,
				1A1414A1AB89402BA755C1A7 /* CMakeLists.txt */,
			);
			name = asteroids;
			sourceTree = "<group>";
		};
/* End PBXGroup section */

/* Begin PBXNativeTarget section */
		95BDBFA65522422B8B1AA3B2 /* asteroids */ = {
			isa = PBXNativeTarget;
			buildConfigurationList = 30C26A741D5E4F4EADD3CC5B /* Build configuration list for PBXNativeTarget "asteroids" */;
			buildPhases = (
				F390CB8A13C14A8C8F36A66E /* Sources */,
			);
			buildRules = (
			);
			dependencies = (
				DFC372CEF4C244819B4288AE /* PBXTargetDependency */,
			);
			name = asteroids;
			productName = asteroids;
			productReference = 8863C9F8E57849EDA5697E33 /* asteroids */;
			productType = "com.apple.product-type.tool";
		};
/* End PBXNativeTarget section */

/* Begin PBXProject section */
		5366C707CF4344A9B38D2557 /* Project object */ = {
			isa = PBXProject;
			attributes = {
				BuildIndependentTargetsInParallel = YES;
				LastUpgradeCheck = 0830;
			};
			buildConfigurationList = 845756E3F9D24DE6B107617B /* Build configuration list for PBXProject "asteroids" */;
			compatibilityVersion = "Xcode 3.2";
			developmentRegion = English;
			hasScannedForEncodings = 0;
			knownRegions = (
				en,
			);
			mainGroup = 49263647007D444197EF1469;
			projectDirPath = ../;
			projectRoot = "";
			targets = (
				7C25FB4404B9464ABC7CD39B /* ALL_BUILD */,
				64FFC10400984481A30D5F8E /* ZERO_CHECK */,
				95BDBFA65522422B8B1AA3B2 /* asteroids */,
			);
		};
/* End PBXProject section */

/* Begin PBXShellScriptBuildPhase section */
		81F4F457C3414DDE83121249 /* CMake Rules */ = {
			isa = PBXShellScriptBuildPhase;
			buildActionMask = 2147483647;
			files = (
			);
			name = "CMake Rules";
			runOnlyForDeploymentPostprocessing = 0;
			shellPath = /bin/sh;
			shellScript = "make -C /Users/westleykirkham/DougAndWes/xcode -f /Users/westleykirkham/DougAndWes/xcode/CMakeScripts/ZERO_CHECK_cmakeRulesBuildPhase.make$CONFIGURATION all";
			showEnvVarsInLog = 0;
		};
		D3B89427B71A4D6FB4C9EB57 /* CMake Rules */ = {
			isa = PBXShellScriptBuildPhase;
			buildActionMask = 2147483647;
			files = (
			);
			name = "CMake Rules";
			runOnlyForDeploymentPostprocessing = 0;
			shellPath = /bin/sh;
			shellScript = "make -C /Users/westleykirkham/DougAndWes/xcode -f /Users/westleykirkham/DougAndWes/xcode/CMakeScripts/ALL_BUILD_cmakeRulesBuildPhase.make$CONFIGURATION all";
			showEnvVarsInLog = 0;
		};
/* End PBXShellScriptBuildPhase section */

/* Begin PBXSourcesBuildPhase section */
		F390CB8A13C14A8C8F36A66E /* Sources */ = {
			isa = PBXSourcesBuildPhase;
			buildActionMask = 2147483647;
			files = (
				4F080A9C33394FC0AA5246C2 /* main.cpp in Sources */,
				20267A631F7080E2005808B0 /* ship.cpp in Sources */,
			);
			runOnlyForDeploymentPostprocessing = 0;
		};
/* End PBXSourcesBuildPhase section */

/* Begin PBXTargetDependency section */
		A7091582BD0D47E8BD52F51C /* PBXTargetDependency */ = {
			isa = PBXTargetDependency;
			target = 95BDBFA65522422B8B1AA3B2 /* asteroids */;
			targetProxy = CB31C122C016444FB195243F /* PBXContainerItemProxy */;
		};
		D20BC2C8A2C3404887E621B2 /* PBXTargetDependency */ = {
			isa = PBXTargetDependency;
			target = 64FFC10400984481A30D5F8E /* ZERO_CHECK */;
			targetProxy = 2D1707F89D8E414A94899601 /* PBXContainerItemProxy */;
		};
		DFC372CEF4C244819B4288AE /* PBXTargetDependency */ = {
			isa = PBXTargetDependency;
			target = 64FFC10400984481A30D5F8E /* ZERO_CHECK */;
			targetProxy = 0431CEB886B14D2E80EBAA32 /* PBXContainerItemProxy */;
		};
/* End PBXTargetDependency section */

/* Begin XCBuildConfiguration section */
		102E1C52D027490FB8F84A33 /* Debug */ = {
			isa = XCBuildConfiguration;
			buildSettings = {
				COMBINE_HIDPI_IMAGES = YES;
				GCC_GENERATE_DEBUGGING_SYMBOLS = YES;
				GCC_INLINES_ARE_PRIVATE_EXTERN = NO;
				GCC_OPTIMIZATION_LEVEL = 0;
				GCC_PREPROCESSOR_DEFINITIONS = "'CMAKE_INTDIR=\"$(CONFIGURATION)$(EFFECTIVE_PLATFORM_NAME)\"'";
				GCC_SYMBOLS_PRIVATE_EXTERN = NO;
				INSTALL_PATH = "";
				OTHER_LDFLAGS = " ";
				OTHER_REZFLAGS = "";
				PRODUCT_NAME = ALL_BUILD;
				SECTORDER_FLAGS = "";
				SYMROOT = /Users/westleykirkham/DougAndWes/xcode;
				USE_HEADERMAP = NO;
				WARNING_CFLAGS = (
					"-Wmost",
					"-Wno-four-char-constants",
					"-Wno-unknown-pragmas",
					"$(inherited)",
				);
			};
			name = Debug;
		};
		1231036238BD43C3BDFE3206 /* Release */ = {
			isa = XCBuildConfiguration;
			buildSettings = {
				COMBINE_HIDPI_IMAGES = YES;
				EXECUTABLE_PREFIX = "";
				EXECUTABLE_SUFFIX = "";
				GCC_GENERATE_DEBUGGING_SYMBOLS = NO;
				GCC_INLINES_ARE_PRIVATE_EXTERN = NO;
				GCC_OPTIMIZATION_LEVEL = 3;
				GCC_PREPROCESSOR_DEFINITIONS = "'CMAKE_INTDIR=\"$(CONFIGURATION)$(EFFECTIVE_PLATFORM_NAME)\"'";
				GCC_SYMBOLS_PRIVATE_EXTERN = NO;
				HEADER_SEARCH_PATHS = /usr/local/include;
				INSTALL_PATH = "";
				LIBRARY_SEARCH_PATHS = "";
				OTHER_CPLUSPLUSFLAGS = (
					"-DNDEBUG",
					"'-std=c++14'",
				);
				OTHER_LDFLAGS = (
					"-Wl,-search_paths_first",
					"-Wl,-headerpad_max_install_names",
					"/usr/local/lib/libsfml-graphics.dylib",
					"/usr/local/lib/libsfml-window.dylib",
					"/usr/local/lib/libsfml-system.dylib",
				);
				OTHER_REZFLAGS = "";
				PRODUCT_NAME = asteroids;
				SECTORDER_FLAGS = "";
				SYMROOT = /Users/westleykirkham/DougAndWes/xcode;
				USE_HEADERMAP = NO;
				WARNING_CFLAGS = (
					"-Wmost",
					"-Wno-four-char-constants",
					"-Wno-unknown-pragmas",
					"$(inherited)",
				);
			};
			name = Release;
		};
		201695CBE6E34196A65B2F5C /* Debug */ = {
			isa = XCBuildConfiguration;
			buildSettings = {
				COMBINE_HIDPI_IMAGES = YES;
				GCC_GENERATE_DEBUGGING_SYMBOLS = YES;
				GCC_INLINES_ARE_PRIVATE_EXTERN = NO;
				GCC_OPTIMIZATION_LEVEL = 0;
				GCC_PREPROCESSOR_DEFINITIONS = "'CMAKE_INTDIR=\"$(CONFIGURATION)$(EFFECTIVE_PLATFORM_NAME)\"'";
				GCC_SYMBOLS_PRIVATE_EXTERN = NO;
				INSTALL_PATH = "";
				OTHER_LDFLAGS = " ";
				OTHER_REZFLAGS = "";
				PRODUCT_NAME = ZERO_CHECK;
				SECTORDER_FLAGS = "";
				SYMROOT = /Users/westleykirkham/DougAndWes/xcode;
				USE_HEADERMAP = NO;
				WARNING_CFLAGS = (
					"-Wmost",
					"-Wno-four-char-constants",
					"-Wno-unknown-pragmas",
					"$(inherited)",
				);
			};
			name = Debug;
		};
		22EAC00BAADA4FEA99C41D5A /* Debug */ = {
			isa = XCBuildConfiguration;
			buildSettings = {
				COMBINE_HIDPI_IMAGES = YES;
				EXECUTABLE_PREFIX = "";
				EXECUTABLE_SUFFIX = "";
				GCC_GENERATE_DEBUGGING_SYMBOLS = YES;
				GCC_INLINES_ARE_PRIVATE_EXTERN = NO;
				GCC_OPTIMIZATION_LEVEL = 0;
				GCC_PREPROCESSOR_DEFINITIONS = "'CMAKE_INTDIR=\"$(CONFIGURATION)$(EFFECTIVE_PLATFORM_NAME)\"'";
				GCC_SYMBOLS_PRIVATE_EXTERN = NO;
				HEADER_SEARCH_PATHS = /usr/local/include;
				INSTALL_PATH = "";
				LIBRARY_SEARCH_PATHS = "";
				OTHER_CPLUSPLUSFLAGS = "   '-std=c++14'  ";
				OTHER_LDFLAGS = (
					"-Wl,-search_paths_first",
					"-Wl,-headerpad_max_install_names",
					"/usr/local/lib/libsfml-graphics.dylib",
					"/usr/local/lib/libsfml-window.dylib",
					"/usr/local/lib/libsfml-system.dylib",
				);
				OTHER_REZFLAGS = "";
				PRODUCT_NAME = asteroids;
				SECTORDER_FLAGS = "";
				SYMROOT = /Users/westleykirkham/DougAndWes/xcode;
				USE_HEADERMAP = NO;
				WARNING_CFLAGS = (
					"-Wmost",
					"-Wno-four-char-constants",
					"-Wno-unknown-pragmas",
					"$(inherited)",
				);
			};
			name = Debug;
		};
		45E72FDC34804D9CAEA47EFF /* MinSizeRel */ = {
			isa = XCBuildConfiguration;
			buildSettings = {
				COMBINE_HIDPI_IMAGES = YES;
				GCC_GENERATE_DEBUGGING_SYMBOLS = YES;
				GCC_INLINES_ARE_PRIVATE_EXTERN = NO;
				GCC_OPTIMIZATION_LEVEL = 0;
				GCC_PREPROCESSOR_DEFINITIONS = "'CMAKE_INTDIR=\"$(CONFIGURATION)$(EFFECTIVE_PLATFORM_NAME)\"'";
				GCC_SYMBOLS_PRIVATE_EXTERN = NO;
				INSTALL_PATH = "";
				OTHER_LDFLAGS = " ";
				OTHER_REZFLAGS = "";
				PRODUCT_NAME = ALL_BUILD;
				SECTORDER_FLAGS = "";
				SYMROOT = /Users/westleykirkham/DougAndWes/xcode;
				USE_HEADERMAP = NO;
				WARNING_CFLAGS = (
					"-Wmost",
					"-Wno-four-char-constants",
					"-Wno-unknown-pragmas",
					"$(inherited)",
				);
			};
			name = MinSizeRel;
		};
		5B8A9F96C7FF490FB6FD9D06 /* Debug */ = {
			isa = XCBuildConfiguration;
			buildSettings = {
				ONLY_ACTIVE_ARCH = YES;
				SDKROOT = /Applications/Xcode.app/Contents/Developer/Platforms/MacOSX.platform/Developer/SDKs/MacOSX10.12.sdk;
				SYMROOT = /Users/westleykirkham/DougAndWes/xcode/build;
			};
			name = Debug;
		};
		79D2129C14A7402D986961D8 /* Release */ = {
			isa = XCBuildConfiguration;
			buildSettings = {
				COMBINE_HIDPI_IMAGES = YES;
				GCC_GENERATE_DEBUGGING_SYMBOLS = YES;
				GCC_INLINES_ARE_PRIVATE_EXTERN = NO;
				GCC_OPTIMIZATION_LEVEL = 0;
				GCC_PREPROCESSOR_DEFINITIONS = "'CMAKE_INTDIR=\"$(CONFIGURATION)$(EFFECTIVE_PLATFORM_NAME)\"'";
				GCC_SYMBOLS_PRIVATE_EXTERN = NO;
				INSTALL_PATH = "";
				OTHER_LDFLAGS = " ";
				OTHER_REZFLAGS = "";
				PRODUCT_NAME = ALL_BUILD;
				SECTORDER_FLAGS = "";
				SYMROOT = /Users/westleykirkham/DougAndWes/xcode;
				USE_HEADERMAP = NO;
				WARNING_CFLAGS = (
					"-Wmost",
					"-Wno-four-char-constants",
					"-Wno-unknown-pragmas",
					"$(inherited)",
				);
			};
			name = Release;
		};
		8DE0C8C57D9A40C596EB679F /* Release */ = {
			isa = XCBuildConfiguration;
			buildSettings = {
				ONLY_ACTIVE_ARCH = YES;
				SDKROOT = /Applications/Xcode.app/Contents/Developer/Platforms/MacOSX.platform/Developer/SDKs/MacOSX10.12.sdk;
				SYMROOT = /Users/westleykirkham/DougAndWes/xcode/build;
			};
			name = Release;
		};
		A502DA855F4E4B7585624E0F /* RelWithDebInfo */ = {
			isa = XCBuildConfiguration;
			buildSettings = {
				COMBINE_HIDPI_IMAGES = YES;
				EXECUTABLE_PREFIX = "";
				EXECUTABLE_SUFFIX = "";
				GCC_GENERATE_DEBUGGING_SYMBOLS = YES;
				GCC_INLINES_ARE_PRIVATE_EXTERN = NO;
				GCC_OPTIMIZATION_LEVEL = 2;
				GCC_PREPROCESSOR_DEFINITIONS = "'CMAKE_INTDIR=\"$(CONFIGURATION)$(EFFECTIVE_PLATFORM_NAME)\"'";
				GCC_SYMBOLS_PRIVATE_EXTERN = NO;
				HEADER_SEARCH_PATHS = /usr/local/include;
				INSTALL_PATH = "";
				LIBRARY_SEARCH_PATHS = "";
				OTHER_CPLUSPLUSFLAGS = (
					"-DNDEBUG",
					"'-std=c++14'",
				);
				OTHER_LDFLAGS = (
					"-Wl,-search_paths_first",
					"-Wl,-headerpad_max_install_names",
					"/usr/local/lib/libsfml-graphics.dylib",
					"/usr/local/lib/libsfml-window.dylib",
					"/usr/local/lib/libsfml-system.dylib",
				);
				OTHER_REZFLAGS = "";
				PRODUCT_NAME = asteroids;
				SECTORDER_FLAGS = "";
				SYMROOT = /Users/westleykirkham/DougAndWes/xcode;
				USE_HEADERMAP = NO;
				WARNING_CFLAGS = (
					"-Wmost",
					"-Wno-four-char-constants",
					"-Wno-unknown-pragmas",
					"$(inherited)",
				);
			};
			name = RelWithDebInfo;
		};
		BD3FCE1EF3CD47DBB7469640 /* MinSizeRel */ = {
			isa = XCBuildConfiguration;
			buildSettings = {
				ONLY_ACTIVE_ARCH = YES;
				SDKROOT = /Applications/Xcode.app/Contents/Developer/Platforms/MacOSX.platform/Developer/SDKs/MacOSX10.12.sdk;
				SYMROOT = /Users/westleykirkham/DougAndWes/xcode/build;
			};
			name = MinSizeRel;
		};
		DDF71087D6E94FD6BA4414B0 /* Release */ = {
			isa = XCBuildConfiguration;
			buildSettings = {
				COMBINE_HIDPI_IMAGES = YES;
				GCC_GENERATE_DEBUGGING_SYMBOLS = YES;
				GCC_INLINES_ARE_PRIVATE_EXTERN = NO;
				GCC_OPTIMIZATION_LEVEL = 0;
				GCC_PREPROCESSOR_DEFINITIONS = "'CMAKE_INTDIR=\"$(CONFIGURATION)$(EFFECTIVE_PLATFORM_NAME)\"'";
				GCC_SYMBOLS_PRIVATE_EXTERN = NO;
				INSTALL_PATH = "";
				OTHER_LDFLAGS = " ";
				OTHER_REZFLAGS = "";
				PRODUCT_NAME = ZERO_CHECK;
				SECTORDER_FLAGS = "";
				SYMROOT = /Users/westleykirkham/DougAndWes/xcode;
				USE_HEADERMAP = NO;
				WARNING_CFLAGS = (
					"-Wmost",
					"-Wno-four-char-constants",
					"-Wno-unknown-pragmas",
					"$(inherited)",
				);
			};
			name = Release;
		};
		E16B105E765445228446939B /* MinSizeRel */ = {
			isa = XCBuildConfiguration;
			buildSettings = {
				COMBINE_HIDPI_IMAGES = YES;
				EXECUTABLE_PREFIX = "";
				EXECUTABLE_SUFFIX = "";
				GCC_GENERATE_DEBUGGING_SYMBOLS = NO;
				GCC_INLINES_ARE_PRIVATE_EXTERN = NO;
				GCC_OPTIMIZATION_LEVEL = s;
				GCC_PREPROCESSOR_DEFINITIONS = "'CMAKE_INTDIR=\"$(CONFIGURATION)$(EFFECTIVE_PLATFORM_NAME)\"'";
				GCC_SYMBOLS_PRIVATE_EXTERN = NO;
				HEADER_SEARCH_PATHS = /usr/local/include;
				INSTALL_PATH = "";
				LIBRARY_SEARCH_PATHS = "";
				OTHER_CPLUSPLUSFLAGS = (
					"-DNDEBUG",
					"'-std=c++14'",
				);
				OTHER_LDFLAGS = (
					"-Wl,-search_paths_first",
					"-Wl,-headerpad_max_install_names",
					"/usr/local/lib/libsfml-graphics.dylib",
					"/usr/local/lib/libsfml-window.dylib",
					"/usr/local/lib/libsfml-system.dylib",
				);
				OTHER_REZFLAGS = "";
				PRODUCT_NAME = asteroids;
				SECTORDER_FLAGS = "";
				SYMROOT = /Users/westleykirkham/DougAndWes/xcode;
				USE_HEADERMAP = NO;
				WARNING_CFLAGS = (
					"-Wmost",
					"-Wno-four-char-constants",
					"-Wno-unknown-pragmas",
					"$(inherited)",
				);
			};
			name = MinSizeRel;
		};
		E978B11662E143FA887B7C52 /* RelWithDebInfo */ = {
			isa = XCBuildConfiguration;
			buildSettings = {
				ONLY_ACTIVE_ARCH = YES;
				SDKROOT = /Applications/Xcode.app/Contents/Developer/Platforms/MacOSX.platform/Developer/SDKs/MacOSX10.12.sdk;
				SYMROOT = /Users/westleykirkham/DougAndWes/xcode/build;
			};
			name = RelWithDebInfo;
		};
		F516ABD0484441EEBF777F29 /* RelWithDebInfo */ = {
			isa = XCBuildConfiguration;
			buildSettings = {
				COMBINE_HIDPI_IMAGES = YES;
				GCC_GENERATE_DEBUGGING_SYMBOLS = YES;
				GCC_INLINES_ARE_PRIVATE_EXTERN = NO;
				GCC_OPTIMIZATION_LEVEL = 0;
				GCC_PREPROCESSOR_DEFINITIONS = "'CMAKE_INTDIR=\"$(CONFIGURATION)$(EFFECTIVE_PLATFORM_NAME)\"'";
				GCC_SYMBOLS_PRIVATE_EXTERN = NO;
				INSTALL_PATH = "";
				OTHER_LDFLAGS = " ";
				OTHER_REZFLAGS = "";
				PRODUCT_NAME = ALL_BUILD;
				SECTORDER_FLAGS = "";
				SYMROOT = /Users/westleykirkham/DougAndWes/xcode;
				USE_HEADERMAP = NO;
				WARNING_CFLAGS = (
					"-Wmost",
					"-Wno-four-char-constants",
					"-Wno-unknown-pragmas",
					"$(inherited)",
				);
			};
			name = RelWithDebInfo;
		};
		FD5E5B2BFCF54657AE8DA0F8 /* RelWithDebInfo */ = {
			isa = XCBuildConfiguration;
			buildSettings = {
				COMBINE_HIDPI_IMAGES = YES;
				GCC_GENERATE_DEBUGGING_SYMBOLS = YES;
				GCC_INLINES_ARE_PRIVATE_EXTERN = NO;
				GCC_OPTIMIZATION_LEVEL = 0;
				GCC_PREPROCESSOR_DEFINITIONS = "'CMAKE_INTDIR=\"$(CONFIGURATION)$(EFFECTIVE_PLATFORM_NAME)\"'";
				GCC_SYMBOLS_PRIVATE_EXTERN = NO;
				INSTALL_PATH = "";
				OTHER_LDFLAGS = " ";
				OTHER_REZFLAGS = "";
				PRODUCT_NAME = ZERO_CHECK;
				SECTORDER_FLAGS = "";
				SYMROOT = /Users/westleykirkham/DougAndWes/xcode;
				USE_HEADERMAP = NO;
				WARNING_CFLAGS = (
					"-Wmost",
					"-Wno-four-char-constants",
					"-Wno-unknown-pragmas",
					"$(inherited)",
				);
			};
			name = RelWithDebInfo;
		};
		FD6FD5D3372C47E9B2B7088B /* MinSizeRel */ = {
			isa = XCBuildConfiguration;
			buildSettings = {
				COMBINE_HIDPI_IMAGES = YES;
				GCC_GENERATE_DEBUGGING_SYMBOLS = YES;
				GCC_INLINES_ARE_PRIVATE_EXTERN = NO;
				GCC_OPTIMIZATION_LEVEL = 0;
				GCC_PREPROCESSOR_DEFINITIONS = "'CMAKE_INTDIR=\"$(CONFIGURATION)$(EFFECTIVE_PLATFORM_NAME)\"'";
				GCC_SYMBOLS_PRIVATE_EXTERN = NO;
				INSTALL_PATH = "";
				OTHER_LDFLAGS = " ";
				OTHER_REZFLAGS = "";
				PRODUCT_NAME = ZERO_CHECK;
				SECTORDER_FLAGS = "";
				SYMROOT = /Users/westleykirkham/DougAndWes/xcode;
				USE_HEADERMAP = NO;
				WARNING_CFLAGS = (
					"-Wmost",
					"-Wno-four-char-constants",
					"-Wno-unknown-pragmas",
					"$(inherited)",
				);
			};
			name = MinSizeRel;
		};
/* End XCBuildConfiguration section */

/* Begin XCConfigurationList section */
		30C26A741D5E4F4EADD3CC5B /* Build configuration list for PBXNativeTarget "asteroids" */ = {
			isa = XCConfigurationList;
			buildConfigurations = (
				22EAC00BAADA4FEA99C41D5A /* Debug */,
				1231036238BD43C3BDFE3206 /* Release */,
				E16B105E765445228446939B /* MinSizeRel */,
				A502DA855F4E4B7585624E0F /* RelWithDebInfo */,
			);
			defaultConfigurationIsVisible = 0;
			defaultConfigurationName = Debug;
		};
		845756E3F9D24DE6B107617B /* Build configuration list for PBXProject "asteroids" */ = {
			isa = XCConfigurationList;
			buildConfigurations = (
				5B8A9F96C7FF490FB6FD9D06 /* Debug */,
				8DE0C8C57D9A40C596EB679F /* Release */,
				BD3FCE1EF3CD47DBB7469640 /* MinSizeRel */,
				E978B11662E143FA887B7C52 /* RelWithDebInfo */,
			);
			defaultConfigurationIsVisible = 0;
			defaultConfigurationName = Debug;
		};
		A7EA66EFF1074A519AB18697 /* Build configuration list for PBXAggregateTarget "ALL_BUILD" */ = {
			isa = XCConfigurationList;
			buildConfigurations = (
				102E1C52D027490FB8F84A33 /* Debug */,
				79D2129C14A7402D986961D8 /* Release */,
				45E72FDC34804D9CAEA47EFF /* MinSizeRel */,
				F516ABD0484441EEBF777F29 /* RelWithDebInfo */,
			);
			defaultConfigurationIsVisible = 0;
			defaultConfigurationName = Debug;
		};
		B569E5CF28C64E8FA63D1047 /* Build configuration list for PBXAggregateTarget "ZERO_CHECK" */ = {
			isa = XCConfigurationList;
			buildConfigurations = (
				201695CBE6E34196A65B2F5C /* Debug */,
				DDF71087D6E94FD6BA4414B0 /* Release */,
				FD6FD5D3372C47E9B2B7088B /* MinSizeRel */,
				FD5E5B2BFCF54657AE8DA0F8 /* RelWithDebInfo */,
			);
			defaultConfigurationIsVisible = 0;
			defaultConfigurationName = Debug;
		};
/* End XCConfigurationList section */
	};
	rootObject = 5366C707CF4344A9B38D2557 /* Project object */;
}
